<?xml version="1.0" encoding="utf-8"?>
<Project ToolsVersion="4.0" xmlns="http://schemas.microsoft.com/developer/msbuild/2003">
  <ItemGroup>
    <Filter Include="source">
      <UniqueIdentifier>{283de670-4f98-458e-b298-f7528d6c2f29}</UniqueIdentifier>
    </Filter>
    <Filter Include="header">
      <UniqueIdentifier>{867ce742-140a-4a3e-9e7e-01de9512c44c}</UniqueIdentifier>
    </Filter>
    <Filter Include="enumeration">
      <UniqueIdentifier>{45ca59a5-aaf8-48ef-8837-1110e7340603}</UniqueIdentifier>
    </Filter>
  </ItemGroup>
  <ItemGroup>
    <CudaCompile Include="src\main.cpp">
      <Filter>source</Filter>
    </CudaCompile>
    <CudaCompile Include="src\labeling.cpp">
      <Filter>source</Filter>
    </CudaCompile>
  </ItemGroup>
  <ItemGroup>
    <ClInclude Include="src\labeling.cuh">
      <Filter>header</Filter>
    </ClInclude>
    <ClInclude Include="src\config.h">
      <Filter>header</Filter>
    </ClInclude>
    <ClInclude Include="src\loader.h">
      <Filter>header</Filter>
    </ClInclude>
    <ClInclude Include="src\random_graph.h">
      <Filter>header</Filter>
    </ClInclude>
    <ClInclude Include="src\enumeration_cpu_common.h">
      <Filter>enumeration</Filter>
    </ClInclude>
    <ClInclude Include="src\enumeration_cpu_multi.h">
      <Filter>enumeration</Filter>
    </ClInclude>
    <ClInclude Include="src\enumeration_cpu_single.h">
      <Filter>enumeration</Filter>
    </ClInclude>
  </ItemGroup>
  <ItemGroup>
    <ClCompile Include="src\loader.cpp">
      <Filter>source</Filter>
    </ClCompile>
    <ClCompile Include="src\random_graph.cpp">
      <Filter>source</Filter>
    </ClCompile>
    <ClCompile Include="src\enumeration_cpu_multi.cpp">
      <Filter>enumeration</Filter>
    </ClCompile>
    <ClCompile Include="src\enumeration_cpu_single.cpp">
      <Filter>enumeration</Filter>
    </ClCompile>
    <ClCompile Include="src\enumeration_cpu_common.cpp">
      <Filter>enumeration</Filter>
    </ClCompile>
  </ItemGroup>
  <ItemGroup>
    <Text Include="results.txt" />
  </ItemGroup>
</Project>